
Microsoft Visual Studio Solution File, Format Version 12.00
# Visual Studio Version 16
VisualStudioVersion = 16.0.31729.503
MinimumVisualStudioVersion = 10.0.40219.1
Project("{FAE04EC0-301F-11D3-BF4B-00C04F79EFBC}") = "Shamir", "Shamir\Shamir.csproj", "{DEC09D04-D8BE-4BE6-AA88-258FE3BE0556}"
EndProject
Global
	GlobalSection(SolutionConfigurationPlatforms) = preSolution
		Debug|Any CPU = Debug|Any CPU
		Release|Any CPU = Release|Any CPU
	EndGlobalSection
	GlobalSection(ProjectConfigurationPlatforms) = postSolution
		{DEC09D04-D8BE-4BE6-AA88-258FE3BE0556}.Debug|Any CPU.ActiveCfg = Debug|Any CPU
		{DEC09D04-D8BE-4BE6-AA88-258FE3BE0556}.Debug|Any CPU.Build.0 = Debug|Any CPU
		{DEC09D04-D8BE-4BE6-AA88-258FE3BE0556}.Release|Any CPU.ActiveCfg = Release|Any CPU
		{DEC09D04-D8BE-4BE6-AA88-258FE3BE0556}.Release|Any CPU.Build.0 = Release|Any CPU
	EndGlobalSection
	GlobalSection(SolutionProperties) = preSolution
		HideSolutionNode = FALSE
	EndGlobalSection
	GlobalSection(ExtensibilityGlobals) = postSolution
		SolutionGuid = {C48CD923-A620-4BD4-8D12-C3414F7E83C6}
	EndGlobalSection
EndGlobal
